// !$*UTF8*$!
{
	archiveVersion = 1;
	classes = {
	};
	objectVersion = 56;
	objects = {

/* Begin PBXBuildFile section */
		E61070A62D7F2ADD004ECE45 /* AlbumViewModel.swift in Sources */ = {isa = PBXBuildFile; fileRef = E61070A52D7F2ADD004ECE45 /* AlbumViewModel.swift */; };
		E61070A82D7F2AF4004ECE45 /* AlbumModel.swift in Sources */ = {isa = PBXBuildFile; fileRef = E61070A72D7F2AF4004ECE45 /* AlbumModel.swift */; };
		E61070AB2D7F2B38004ECE45 /* AlbumViewController.xib in Resources */ = {isa = PBXBuildFile; fileRef = E61070AA2D7F2B38004ECE45 /* AlbumViewController.xib */; };
		E61070AC2D7F2B38004ECE45 /* AlbumViewController.swift in Sources */ = {isa = PBXBuildFile; fileRef = E61070A92D7F2B38004ECE45 /* AlbumViewController.swift */; };
		E61070AF2D7F2BC9004ECE45 /* PhotoCell.xib in Resources */ = {isa = PBXBuildFile; fileRef = E61070AE2D7F2BC9004ECE45 /* PhotoCell.xib */; };
		E61070B02D7F2BC9004ECE45 /* PhotoCell.swift in Sources */ = {isa = PBXBuildFile; fileRef = E61070AD2D7F2BC9004ECE45 /* PhotoCell.swift */; };
		E61070B32D7F2F66004ECE45 /* Kingfisher in Frameworks */ = {isa = PBXBuildFile; productRef = E61070B22D7F2F66004ECE45 /* Kingfisher */; };
		E61070BA2D7F9022004ECE45 /* ImageViewerViewController.xib in Resources */ = {isa = PBXBuildFile; fileRef = E61070B92D7F9022004ECE45 /* ImageViewerViewController.xib */; };
		E61070BB2D7F9022004ECE45 /* ImageViewerViewController.swift in Sources */ = {isa = PBXBuildFile; fileRef = E61070B82D7F9022004ECE45 /* ImageViewerViewController.swift */; };
		E659BE332D7DF359007232A2 /* Moya in Frameworks */ = {isa = PBXBuildFile; productRef = E659BE322D7DF359007232A2 /* Moya */; };
		E659BE362D7E49E3007232A2 /* AlbumCell.swift in Sources */ = {isa = PBXBuildFile; fileRef = E659BE342D7E49E3007232A2 /* AlbumCell.swift */; };
		E659BE372D7E49E3007232A2 /* AlbumCell.xib in Resources */ = {isa = PBXBuildFile; fileRef = E659BE352D7E49E3007232A2 /* AlbumCell.xib */; };
		E659BE3A2D7E5626007232A2 /* Extensions.swift in Sources */ = {isa = PBXBuildFile; fileRef = E659BE392D7E5625007232A2 /* Extensions.swift */; };
		E66A198E2D7DDF500003AE8D /* AppDelegate.swift in Sources */ = {isa = PBXBuildFile; fileRef = E66A198D2D7DDF500003AE8D /* AppDelegate.swift */; };
		E66A19902D7DDF500003AE8D /* SceneDelegate.swift in Sources */ = {isa = PBXBuildFile; fileRef = E66A198F2D7DDF500003AE8D /* SceneDelegate.swift */; };
		E66A19922D7DDF500003AE8D /* ViewController.swift in Sources */ = {isa = PBXBuildFile; fileRef = E66A19912D7DDF500003AE8D /* ViewController.swift */; };
		E66A19952D7DDF500003AE8D /* Base in Resources */ = {isa = PBXBuildFile; fileRef = E66A19942D7DDF500003AE8D /* Base */; };
		E66A19982D7DDF500003AE8D /* AlbumExplorer.xcdatamodeld in Sources */ = {isa = PBXBuildFile; fileRef = E66A19962D7DDF500003AE8D /* AlbumExplorer.xcdatamodeld */; };
		E66A199A2D7DDF530003AE8D /* Assets.xcassets in Resources */ = {isa = PBXBuildFile; fileRef = E66A19992D7DDF530003AE8D /* Assets.xcassets */; };
		E66A199D2D7DDF530003AE8D /* Base in Resources */ = {isa = PBXBuildFile; fileRef = E66A199C2D7DDF530003AE8D /* Base */; };
		E66A19A72D7DE5080003AE8D /* CombineCocoa in Frameworks */ = {isa = PBXBuildFile; productRef = E66A19A62D7DE5080003AE8D /* CombineCocoa */; };
		E66A19AC2D7DE6950003AE8D /* NetworkManager.swift in Sources */ = {isa = PBXBuildFile; fileRef = E66A19AB2D7DE6950003AE8D /* NetworkManager.swift */; };
		E66A19B32D7DE85E0003AE8D /* ProfileViewController.swift in Sources */ = {isa = PBXBuildFile; fileRef = E66A19B22D7DE85E0003AE8D /* ProfileViewController.swift */; };
		E66A19B52D7DE8AE0003AE8D /* ProfileViewModel.swift in Sources */ = {isa = PBXBuildFile; fileRef = E66A19B42D7DE8AE0003AE8D /* ProfileViewModel.swift */; };
		E66A19B72D7DE91D0003AE8D /* ProfileModel.swift in Sources */ = {isa = PBXBuildFile; fileRef = E66A19B62D7DE91D0003AE8D /* ProfileModel.swift */; };
/* End PBXBuildFile section */

/* Begin PBXFileReference section */
		E61070A52D7F2ADD004ECE45 /* AlbumViewModel.swift */ = {isa = PBXFileReference; lastKnownFileType = sourcecode.swift; path = AlbumViewModel.swift; sourceTree = "<group>"; };
		E61070A72D7F2AF4004ECE45 /* AlbumModel.swift */ = {isa = PBXFileReference; lastKnownFileType = sourcecode.swift; path = AlbumModel.swift; sourceTree = "<group>"; };
		E61070A92D7F2B38004ECE45 /* AlbumViewController.swift */ = {isa = PBXFileReference; lastKnownFileType = sourcecode.swift; path = AlbumViewController.swift; sourceTree = "<group>"; };
		E61070AA2D7F2B38004ECE45 /* AlbumViewController.xib */ = {isa = PBXFileReference; lastKnownFileType = file.xib; path = AlbumViewController.xib; sourceTree = "<group>"; };
		E61070AD2D7F2BC9004ECE45 /* PhotoCell.swift */ = {isa = PBXFileReference; lastKnownFileType = sourcecode.swift; path = PhotoCell.swift; sourceTree = "<group>"; };
		E61070AE2D7F2BC9004ECE45 /* PhotoCell.xib */ = {isa = PBXFileReference; lastKnownFileType = file.xib; path = PhotoCell.xib; sourceTree = "<group>"; };
		E61070B82D7F9022004ECE45 /* ImageViewerViewController.swift */ = {isa = PBXFileReference; lastKnownFileType = sourcecode.swift; path = ImageViewerViewController.swift; sourceTree = "<group>"; };
		E61070B92D7F9022004ECE45 /* ImageViewerViewController.xib */ = {isa = PBXFileReference; lastKnownFileType = file.xib; path = ImageViewerViewController.xib; sourceTree = "<group>"; };
		E659BE342D7E49E3007232A2 /* AlbumCell.swift */ = {isa = PBXFileReference; lastKnownFileType = sourcecode.swift; path = AlbumCell.swift; sourceTree = "<group>"; };
		E659BE352D7E49E3007232A2 /* AlbumCell.xib */ = {isa = PBXFileReference; lastKnownFileType = file.xib; path = AlbumCell.xib; sourceTree = "<group>"; };
		E659BE392D7E5625007232A2 /* Extensions.swift */ = {isa = PBXFileReference; lastKnownFileType = sourcecode.swift; path = Extensions.swift; sourceTree = "<group>"; };
		E66A198A2D7DDF500003AE8D /* AlbumExplorer.app */ = {isa = PBXFileReference; explicitFileType = wrapper.application; includeInIndex = 0; path = AlbumExplorer.app; sourceTree = BUILT_PRODUCTS_DIR; };
		E66A198D2D7DDF500003AE8D /* AppDelegate.swift */ = {isa = PBXFileReference; lastKnownFileType = sourcecode.swift; path = AppDelegate.swift; sourceTree = "<group>"; };
		E66A198F2D7DDF500003AE8D /* SceneDelegate.swift */ = {isa = PBXFileReference; lastKnownFileType = sourcecode.swift; path = SceneDelegate.swift; sourceTree = "<group>"; };
		E66A19912D7DDF500003AE8D /* ViewController.swift */ = {isa = PBXFileReference; lastKnownFileType = sourcecode.swift; path = ViewController.swift; sourceTree = "<group>"; };
		E66A19942D7DDF500003AE8D /* Base */ = {isa = PBXFileReference; lastKnownFileType = file.storyboard; name = Base; path = Base.lproj/Main.storyboard; sourceTree = "<group>"; };
		E66A19972D7DDF500003AE8D /* AlbumExplorer.xcdatamodel */ = {isa = PBXFileReference; lastKnownFileType = wrapper.xcdatamodel; path = AlbumExplorer.xcdatamodel; sourceTree = "<group>"; };
		E66A19992D7DDF530003AE8D /* Assets.xcassets */ = {isa = PBXFileReference; lastKnownFileType = folder.assetcatalog; path = Assets.xcassets; sourceTree = "<group>"; };
		E66A199C2D7DDF530003AE8D /* Base */ = {isa = PBXFileReference; lastKnownFileType = file.storyboard; name = Base; path = Base.lproj/LaunchScreen.storyboard; sourceTree = "<group>"; };
		E66A199E2D7DDF530003AE8D /* Info.plist */ = {isa = PBXFileReference; lastKnownFileType = text.plist.xml; path = Info.plist; sourceTree = "<group>"; };
		E66A19AB2D7DE6950003AE8D /* NetworkManager.swift */ = {isa = PBXFileReference; lastKnownFileType = sourcecode.swift; path = NetworkManager.swift; sourceTree = "<group>"; };
		E66A19B22D7DE85E0003AE8D /* ProfileViewController.swift */ = {isa = PBXFileReference; lastKnownFileType = sourcecode.swift; path = ProfileViewController.swift; sourceTree = "<group>"; };
		E66A19B42D7DE8AE0003AE8D /* ProfileViewModel.swift */ = {isa = PBXFileReference; lastKnownFileType = sourcecode.swift; path = ProfileViewModel.swift; sourceTree = "<group>"; };
		E66A19B62D7DE91D0003AE8D /* ProfileModel.swift */ = {isa = PBXFileReference; lastKnownFileType = sourcecode.swift; path = ProfileModel.swift; sourceTree = "<group>"; };
/* End PBXFileReference section */

/* Begin PBXFrameworksBuildPhase section */
		E66A19872D7DDF500003AE8D /* Frameworks */ = {
			isa = PBXFrameworksBuildPhase;
			buildActionMask = 2147483647;
			files = (
				E61070B32D7F2F66004ECE45 /* Kingfisher in Frameworks */,
				E659BE332D7DF359007232A2 /* Moya in Frameworks */,
				E66A19A72D7DE5080003AE8D /* CombineCocoa in Frameworks */,
			);
			runOnlyForDeploymentPostprocessing = 0;
		};
/* End PBXFrameworksBuildPhase section */

/* Begin PBXGroup section */
		E61070A12D7F2929004ECE45 /* Album */ = {
			isa = PBXGroup;
			children = (
				E61070A42D7F2AC4004ECE45 /* ViewModel */,
				E61070A32D7F2ABC004ECE45 /* View */,
				E61070A22D7F2AB4004ECE45 /* Model */,
			);
			path = Album;
			sourceTree = "<group>";
		};
		E61070A22D7F2AB4004ECE45 /* Model */ = {
			isa = PBXGroup;
			children = (
				E61070A72D7F2AF4004ECE45 /* AlbumModel.swift */,
			);
			path = Model;
			sourceTree = "<group>";
		};
		E61070A32D7F2ABC004ECE45 /* View */ = {
			isa = PBXGroup;
			children = (
				E61070A92D7F2B38004ECE45 /* AlbumViewController.swift */,
				E61070AA2D7F2B38004ECE45 /* AlbumViewController.xib */,
				E61070AD2D7F2BC9004ECE45 /* PhotoCell.swift */,
				E61070AE2D7F2BC9004ECE45 /* PhotoCell.xib */,
				E61070B82D7F9022004ECE45 /* ImageViewerViewController.swift */,
				E61070B92D7F9022004ECE45 /* ImageViewerViewController.xib */,
			);
			path = View;
			sourceTree = "<group>";
		};
		E61070A42D7F2AC4004ECE45 /* ViewModel */ = {
			isa = PBXGroup;
			children = (
				E61070A52D7F2ADD004ECE45 /* AlbumViewModel.swift */,
			);
			path = ViewModel;
			sourceTree = "<group>";
		};
		E659BE382D7E560D007232A2 /* Extension */ = {
			isa = PBXGroup;
			children = (
				E659BE392D7E5625007232A2 /* Extensions.swift */,
			);
			path = Extension;
			sourceTree = "<group>";
		};
		E66A19812D7DDF4F0003AE8D = {
			isa = PBXGroup;
			children = (
				E66A198C2D7DDF500003AE8D /* AlbumExplorer */,
				E66A198B2D7DDF500003AE8D /* Products */,
				E66A19A82D7DE5680003AE8D /* Frameworks */,
			);
			sourceTree = "<group>";
		};
		E66A198B2D7DDF500003AE8D /* Products */ = {
			isa = PBXGroup;
			children = (
				E66A198A2D7DDF500003AE8D /* AlbumExplorer.app */,
			);
			name = Products;
			sourceTree = "<group>";
		};
		E66A198C2D7DDF500003AE8D /* AlbumExplorer */ = {
			isa = PBXGroup;
			children = (
				E659BE382D7E560D007232A2 /* Extension */,
				E66A19AD2D7DE7CA0003AE8D /* Screens */,
				E66A19A92D7DE6680003AE8D /* Servece */,
				E66A198D2D7DDF500003AE8D /* AppDelegate.swift */,
				E66A198F2D7DDF500003AE8D /* SceneDelegate.swift */,
				E66A19912D7DDF500003AE8D /* ViewController.swift */,
				E66A19992D7DDF530003AE8D /* Assets.xcassets */,
				E66A199B2D7DDF530003AE8D /* LaunchScreen.storyboard */,
				E66A199E2D7DDF530003AE8D /* Info.plist */,
				E66A19962D7DDF500003AE8D /* AlbumExplorer.xcdatamodeld */,
			);
			path = AlbumExplorer;
			sourceTree = "<group>";
		};
		E66A19A82D7DE5680003AE8D /* Frameworks */ = {
			isa = PBXGroup;
			children = (
			);
			name = Frameworks;
			sourceTree = "<group>";
		};
		E66A19A92D7DE6680003AE8D /* Servece */ = {
			isa = PBXGroup;
			children = (
				E66A19AA2D7DE6760003AE8D /* Network */,
			);
			path = Servece;
			sourceTree = "<group>";
		};
		E66A19AA2D7DE6760003AE8D /* Network */ = {
			isa = PBXGroup;
			children = (
				E66A19AB2D7DE6950003AE8D /* NetworkManager.swift */,
			);
			path = Network;
			sourceTree = "<group>";
		};
		E66A19AD2D7DE7CA0003AE8D /* Screens */ = {
			isa = PBXGroup;
			children = (
				E61070A12D7F2929004ECE45 /* Album */,
				E66A19AE2D7DE7D80003AE8D /* Profile */,
			);
			path = Screens;
			sourceTree = "<group>";
		};
		E66A19AE2D7DE7D80003AE8D /* Profile */ = {
			isa = PBXGroup;
			children = (
				E66A19B12D7DE8230003AE8D /* Model */,
				E66A19B02D7DE8110003AE8D /* ViewModel */,
				E66A19AF2D7DE8020003AE8D /* View */,
			);
			path = Profile;
			sourceTree = "<group>";
		};
		E66A19AF2D7DE8020003AE8D /* View */ = {
			isa = PBXGroup;
			children = (
				E66A19932D7DDF500003AE8D /* Main.storyboard */,
				E66A19B22D7DE85E0003AE8D /* ProfileViewController.swift */,
				E659BE342D7E49E3007232A2 /* AlbumCell.swift */,
				E659BE352D7E49E3007232A2 /* AlbumCell.xib */,
			);
			path = View;
			sourceTree = "<group>";
		};
		E66A19B02D7DE8110003AE8D /* ViewModel */ = {
			isa = PBXGroup;
			children = (
				E66A19B42D7DE8AE0003AE8D /* ProfileViewModel.swift */,
			);
			path = ViewModel;
			sourceTree = "<group>";
		};
		E66A19B12D7DE8230003AE8D /* Model */ = {
			isa = PBXGroup;
			children = (
				E66A19B62D7DE91D0003AE8D /* ProfileModel.swift */,
			);
			path = Model;
			sourceTree = "<group>";
		};
/* End PBXGroup section */

/* Begin PBXNativeTarget section */
		E66A19892D7DDF500003AE8D /* AlbumExplorer */ = {
			isa = PBXNativeTarget;
			buildConfigurationList = E66A19A12D7DDF530003AE8D /* Build configuration list for PBXNativeTarget "AlbumExplorer" */;
			buildPhases = (
				E66A19862D7DDF500003AE8D /* Sources */,
				E66A19872D7DDF500003AE8D /* Frameworks */,
				E66A19882D7DDF500003AE8D /* Resources */,
			);
			buildRules = (
			);
			dependencies = (
			);
			name = AlbumExplorer;
			packageProductDependencies = (
				E66A19A62D7DE5080003AE8D /* CombineCocoa */,
				E659BE322D7DF359007232A2 /* Moya */,
				E61070B22D7F2F66004ECE45 /* Kingfisher */,
			);
			productName = AlbumExplorer;
			productReference = E66A198A2D7DDF500003AE8D /* AlbumExplorer.app */;
			productType = "com.apple.product-type.application";
		};
/* End PBXNativeTarget section */

/* Begin PBXProject section */
		E66A19822D7DDF4F0003AE8D /* Project object */ = {
			isa = PBXProject;
			attributes = {
				BuildIndependentTargetsInParallel = 1;
				LastSwiftUpdateCheck = 1530;
				LastUpgradeCheck = 1530;
				TargetAttributes = {
					E66A19892D7DDF500003AE8D = {
						CreatedOnToolsVersion = 15.3;
					};
				};
			};
			buildConfigurationList = E66A19852D7DDF4F0003AE8D /* Build configuration list for PBXProject "AlbumExplorer" */;
			compatibilityVersion = "Xcode 14.0";
			developmentRegion = en;
			hasScannedForEncodings = 0;
			knownRegions = (
				en,
				Base,
			);
			mainGroup = E66A19812D7DDF4F0003AE8D;
			packageReferences = (
				E66A19A52D7DE5080003AE8D /* XCRemoteSwiftPackageReference "CombineCocoa" */,
				E659BE312D7DF335007232A2 /* XCRemoteSwiftPackageReference "Moya" */,
				E61070B12D7F2F66004ECE45 /* XCRemoteSwiftPackageReference "Kingfisher" */,
			);
			productRefGroup = E66A198B2D7DDF500003AE8D /* Products */;
			projectDirPath = "";
			projectRoot = "";
			targets = (
				E66A19892D7DDF500003AE8D /* AlbumExplorer */,
			);
		};
/* End PBXProject section */

/* Begin PBXResourcesBuildPhase section */
		E66A19882D7DDF500003AE8D /* Resources */ = {
			isa = PBXResourcesBuildPhase;
			buildActionMask = 2147483647;
			files = (
				E61070AF2D7F2BC9004ECE45 /* PhotoCell.xib in Resources */,
				E61070BA2D7F9022004ECE45 /* ImageViewerViewController.xib in Resources */,
				E66A199A2D7DDF530003AE8D /* Assets.xcassets in Resources */,
				E66A199D2D7DDF530003AE8D /* Base in Resources */,
				E66A19952D7DDF500003AE8D /* Base in Resources */,
				E659BE372D7E49E3007232A2 /* AlbumCell.xib in Resources */,
				E61070AB2D7F2B38004ECE45 /* AlbumViewController.xib in Resources */,
			);
			runOnlyForDeploymentPostprocessing = 0;
		};
/* End PBXResourcesBuildPhase section */

/* Begin PBXSourcesBuildPhase section */
		E66A19862D7DDF500003AE8D /* Sources */ = {
			isa = PBXSourcesBuildPhase;
			buildActionMask = 2147483647;
			files = (
				E61070B02D7F2BC9004ECE45 /* PhotoCell.swift in Sources */,
				E66A19B32D7DE85E0003AE8D /* ProfileViewController.swift in Sources */,
				E61070A82D7F2AF4004ECE45 /* AlbumModel.swift in Sources */,
				E61070BB2D7F9022004ECE45 /* ImageViewerViewController.swift in Sources */,
				E61070AC2D7F2B38004ECE45 /* AlbumViewController.swift in Sources */,
				E66A19982D7DDF500003AE8D /* AlbumExplorer.xcdatamodeld in Sources */,
				E66A19922D7DDF500003AE8D /* ViewController.swift in Sources */,
				E66A19AC2D7DE6950003AE8D /* NetworkManager.swift in Sources */,
				E66A198E2D7DDF500003AE8D /* AppDelegate.swift in Sources */,
				E659BE3A2D7E5626007232A2 /* Extensions.swift in Sources */,
				E66A19902D7DDF500003AE8D /* SceneDelegate.swift in Sources */,
				E66A19B52D7DE8AE0003AE8D /* ProfileViewModel.swift in Sources */,
				E66A19B72D7DE91D0003AE8D /* ProfileModel.swift in Sources */,
				E61070A62D7F2ADD004ECE45 /* AlbumViewModel.swift in Sources */,
				E659BE362D7E49E3007232A2 /* AlbumCell.swift in Sources */,
			);
			runOnlyForDeploymentPostprocessing = 0;
		};
/* End PBXSourcesBuildPhase section */

/* Begin PBXVariantGroup section */
		E66A19932D7DDF500003AE8D /* Main.storyboard */ = {
			isa = PBXVariantGroup;
			children = (
				E66A19942D7DDF500003AE8D /* Base */,
			);
			name = Main.storyboard;
			sourceTree = "<group>";
		};
		E66A199B2D7DDF530003AE8D /* LaunchScreen.storyboard */ = {
			isa = PBXVariantGroup;
			children = (
				E66A199C2D7DDF530003AE8D /* Base */,
			);
			name = LaunchScreen.storyboard;
			sourceTree = "<group>";
		};
/* End PBXVariantGroup section */

/* Begin XCBuildConfiguration section */
		E66A199F2D7DDF530003AE8D /* Debug */ = {
			isa = XCBuildConfiguration;
			buildSettings = {
				ALWAYS_SEARCH_USER_PATHS = NO;
				ASSETCATALOG_COMPILER_GENERATE_SWIFT_ASSET_SYMBOL_EXTENSIONS = YES;
				CLANG_ANALYZER_NONNULL = YES;
				CLANG_ANALYZER_NUMBER_OBJECT_CONVERSION = YES_AGGRESSIVE;
				CLANG_CXX_LANGUAGE_STANDARD = "gnu++20";
				CLANG_ENABLE_MODULES = YES;
				CLANG_ENABLE_OBJC_ARC = YES;
				CLANG_ENABLE_OBJC_WEAK = YES;
				CLANG_WARN_BLOCK_CAPTURE_AUTORELEASING = YES;
				CLANG_WARN_BOOL_CONVERSION = YES;
				CLANG_WARN_COMMA = YES;
				CLANG_WARN_CONSTANT_CONVERSION = YES;
				CLANG_WARN_DEPRECATED_OBJC_IMPLEMENTATIONS = YES;
				CLANG_WARN_DIRECT_OBJC_ISA_USAGE = YES_ERROR;
				CLANG_WARN_DOCUMENTATION_COMMENTS = YES;
				CLANG_WARN_EMPTY_BODY = YES;
				CLANG_WARN_ENUM_CONVERSION = YES;
				CLANG_WARN_INFINITE_RECURSION = YES;
				CLANG_WARN_INT_CONVERSION = YES;
				CLANG_WARN_NON_LITERAL_NULL_CONVERSION = YES;
				CLANG_WARN_OBJC_IMPLICIT_RETAIN_SELF = YES;
				CLANG_WARN_OBJC_LITERAL_CONVERSION = YES;
				CLANG_WARN_OBJC_ROOT_CLASS = YES_ERROR;
				CLANG_WARN_QUOTED_INCLUDE_IN_FRAMEWORK_HEADER = YES;
				CLANG_WARN_RANGE_LOOP_ANALYSIS = YES;
				CLANG_WARN_STRICT_PROTOTYPES = YES;
				CLANG_WARN_SUSPICIOUS_MOVE = YES;
				CLANG_WARN_UNGUARDED_AVAILABILITY = YES_AGGRESSIVE;
				CLANG_WARN_UNREACHABLE_CODE = YES;
				CLANG_WARN__DUPLICATE_METHOD_MATCH = YES;
				COPY_PHASE_STRIP = NO;
				DEBUG_INFORMATION_FORMAT = dwarf;
				ENABLE_STRICT_OBJC_MSGSEND = YES;
				ENABLE_TESTABILITY = YES;
				ENABLE_USER_SCRIPT_SANDBOXING = YES;
				GCC_C_LANGUAGE_STANDARD = gnu17;
				GCC_DYNAMIC_NO_PIC = NO;
				GCC_NO_COMMON_BLOCKS = YES;
				GCC_OPTIMIZATION_LEVEL = 0;
				GCC_PREPROCESSOR_DEFINITIONS = (
					"DEBUG=1",
					"$(inherited)",
				);
				GCC_WARN_64_TO_32_BIT_CONVERSION = YES;
				GCC_WARN_ABOUT_RETURN_TYPE = YES_ERROR;
				GCC_WARN_UNDECLARED_SELECTOR = YES;
				GCC_WARN_UNINITIALIZED_AUTOS = YES_AGGRESSIVE;
				GCC_WARN_UNUSED_FUNCTION = YES;
				GCC_WARN_UNUSED_VARIABLE = YES;
				IPHONEOS_DEPLOYMENT_TARGET = 17.4;
				LOCALIZATION_PREFERS_STRING_CATALOGS = YES;
				MTL_ENABLE_DEBUG_INFO = INCLUDE_SOURCE;
				MTL_FAST_MATH = YES;
				ONLY_ACTIVE_ARCH = YES;
				SDKROOT = iphoneos;
				SWIFT_ACTIVE_COMPILATION_CONDITIONS = "DEBUG $(inherited)";
				SWIFT_OPTIMIZATION_LEVEL = "-Onone";
			};
			name = Debug;
		};
		E66A19A02D7DDF530003AE8D /* Release */ = {
			isa = XCBuildConfiguration;
			buildSettings = {
				ALWAYS_SEARCH_USER_PATHS = NO;
				ASSETCATALOG_COMPILER_GENERATE_SWIFT_ASSET_SYMBOL_EXTENSIONS = YES;
				CLANG_ANALYZER_NONNULL = YES;
				CLANG_ANALYZER_NUMBER_OBJECT_CONVERSION = YES_AGGRESSIVE;
				CLANG_CXX_LANGUAGE_STANDARD = "gnu++20";
				CLANG_ENABLE_MODULES = YES;
				CLANG_ENABLE_OBJC_ARC = YES;
				CLANG_ENABLE_OBJC_WEAK = YES;
				CLANG_WARN_BLOCK_CAPTURE_AUTORELEASING = YES;
				CLANG_WARN_BOOL_CONVERSION = YES;
				CLANG_WARN_COMMA = YES;
				CLANG_WARN_CONSTANT_CONVERSION = YES;
				CLANG_WARN_DEPRECATED_OBJC_IMPLEMENTATIONS = YES;
				CLANG_WARN_DIRECT_OBJC_ISA_USAGE = YES_ERROR;
				CLANG_WARN_DOCUMENTATION_COMMENTS = YES;
				CLANG_WARN_EMPTY_BODY = YES;
				CLANG_WARN_ENUM_CONVERSION = YES;
				CLANG_WARN_INFINITE_RECURSION = YES;
				CLANG_WARN_INT_CONVERSION = YES;
				CLANG_WARN_NON_LITERAL_NULL_CONVERSION = YES;
				CLANG_WARN_OBJC_IMPLICIT_RETAIN_SELF = YES;
				CLANG_WARN_OBJC_LITERAL_CONVERSION = YES;
				CLANG_WARN_OBJC_ROOT_CLASS = YES_ERROR;
				CLANG_WARN_QUOTED_INCLUDE_IN_FRAMEWORK_HEADER = YES;
				CLANG_WARN_RANGE_LOOP_ANALYSIS = YES;
				CLANG_WARN_STRICT_PROTOTYPES = YES;
				CLANG_WARN_SUSPICIOUS_MOVE = YES;
				CLANG_WARN_UNGUARDED_AVAILABILITY = YES_AGGRESSIVE;
				CLANG_WARN_UNREACHABLE_CODE = YES;
				CLANG_WARN__DUPLICATE_METHOD_MATCH = YES;
				COPY_PHASE_STRIP = NO;
				DEBUG_INFORMATION_FORMAT = "dwarf-with-dsym";
				ENABLE_NS_ASSERTIONS = NO;
				ENABLE_STRICT_OBJC_MSGSEND = YES;
				ENABLE_USER_SCRIPT_SANDBOXING = YES;
				GCC_C_LANGUAGE_STANDARD = gnu17;
				GCC_NO_COMMON_BLOCKS = YES;
				GCC_WARN_64_TO_32_BIT_CONVERSION = YES;
				GCC_WARN_ABOUT_RETURN_TYPE = YES_ERROR;
				GCC_WARN_UNDECLARED_SELECTOR = YES;
				GCC_WARN_UNINITIALIZED_AUTOS = YES_AGGRESSIVE;
				GCC_WARN_UNUSED_FUNCTION = YES;
				GCC_WARN_UNUSED_VARIABLE = YES;
				IPHONEOS_DEPLOYMENT_TARGET = 17.4;
				LOCALIZATION_PREFERS_STRING_CATALOGS = YES;
				MTL_ENABLE_DEBUG_INFO = NO;
				MTL_FAST_MATH = YES;
				SDKROOT = iphoneos;
				SWIFT_COMPILATION_MODE = wholemodule;
				VALIDATE_PRODUCT = YES;
			};
			name = Release;
		};
		E66A19A22D7DDF530003AE8D /* Debug */ = {
			isa = XCBuildConfiguration;
			buildSettings = {
				ASSETCATALOG_COMPILER_APPICON_NAME = AppIcon;
				ASSETCATALOG_COMPILER_GLOBAL_ACCENT_COLOR_NAME = AccentColor;
				CODE_SIGN_STYLE = Automatic;
				CURRENT_PROJECT_VERSION = 1;
				GENERATE_INFOPLIST_FILE = YES;
				INFOPLIST_FILE = AlbumExplorer/Info.plist;
				INFOPLIST_KEY_UIApplicationSupportsIndirectInputEvents = YES;
				INFOPLIST_KEY_UILaunchStoryboardName = LaunchScreen;
				INFOPLIST_KEY_UIMainStoryboardFile = Main;
				INFOPLIST_KEY_UISupportedInterfaceOrientations_iPad = "UIInterfaceOrientationPortrait UIInterfaceOrientationPortraitUpsideDown UIInterfaceOrientationLandscapeLeft UIInterfaceOrientationLandscapeRight";
				INFOPLIST_KEY_UISupportedInterfaceOrientations_iPhone = "UIInterfaceOrientationPortrait UIInterfaceOrientationLandscapeLeft UIInterfaceOrientationLandscapeRight";
				LD_RUNPATH_SEARCH_PATHS = (
					"$(inherited)",
					"@executable_path/Frameworks",
				);
				MARKETING_VERSION = 1.0;
				PRODUCT_BUNDLE_IDENTIFIER = ITI.AlbumExplorer;
				PRODUCT_NAME = "$(TARGET_NAME)";
				SWIFT_EMIT_LOC_STRINGS = YES;
				SWIFT_VERSION = 5.0;
				TARGETED_DEVICE_FAMILY = "1,2";
			};
			name = Debug;
		};
		E66A19A32D7DDF530003AE8D /* Release */ = {
			isa = XCBuildConfiguration;
			buildSettings = {
				ASSETCATALOG_COMPILER_APPICON_NAME = AppIcon;
				ASSETCATALOG_COMPILER_GLOBAL_ACCENT_COLOR_NAME = AccentColor;
				CODE_SIGN_STYLE = Automatic;
				CURRENT_PROJECT_VERSION = 1;
				GENERATE_INFOPLIST_FILE = YES;
				INFOPLIST_FILE = AlbumExplorer/Info.plist;
				INFOPLIST_KEY_UIApplicationSupportsIndirectInputEvents = YES;
				INFOPLIST_KEY_UILaunchStoryboardName = LaunchScreen;
				INFOPLIST_KEY_UIMainStoryboardFile = Main;
				INFOPLIST_KEY_UISupportedInterfaceOrientations_iPad = "UIInterfaceOrientationPortrait UIInterfaceOrientationPortraitUpsideDown UIInterfaceOrientationLandscapeLeft UIInterfaceOrientationLandscapeRight";
				INFOPLIST_KEY_UISupportedInterfaceOrientations_iPhone = "UIInterfaceOrientationPortrait UIInterfaceOrientationLandscapeLeft UIInterfaceOrientationLandscapeRight";
				LD_RUNPATH_SEARCH_PATHS = (
					"$(inherited)",
					"@executable_path/Frameworks",
				);
				MARKETING_VERSION = 1.0;
				PRODUCT_BUNDLE_IDENTIFIER = ITI.AlbumExplorer;
				PRODUCT_NAME = "$(TARGET_NAME)";
				SWIFT_EMIT_LOC_STRINGS = YES;
				SWIFT_VERSION = 5.0;
				TARGETED_DEVICE_FAMILY = "1,2";
			};
			name = Release;
		};
/* End XCBuildConfiguration section */

/* Begin XCConfigurationList section */
		E66A19852D7DDF4F0003AE8D /* Build configuration list for PBXProject "AlbumExplorer" */ = {
			isa = XCConfigurationList;
			buildConfigurations = (
				E66A199F2D7DDF530003AE8D /* Debug */,
				E66A19A02D7DDF530003AE8D /* Release */,
			);
			defaultConfigurationIsVisible = 0;
			defaultConfigurationName = Release;
		};
		E66A19A12D7DDF530003AE8D /* Build configuration list for PBXNativeTarget "AlbumExplorer" */ = {
			isa = XCConfigurationList;
			buildConfigurations = (
				E66A19A22D7DDF530003AE8D /* Debug */,
				E66A19A32D7DDF530003AE8D /* Release */,
			);
			defaultConfigurationIsVisible = 0;
			defaultConfigurationName = Release;
		};
/* End XCConfigurationList section */

/* Begin XCRemoteSwiftPackageReference section */
		E61070B12D7F2F66004ECE45 /* XCRemoteSwiftPackageReference "Kingfisher" */ = {
			isa = XCRemoteSwiftPackageReference;
			repositoryURL = "https://github.com/onevcat/Kingfisher.git";
			requirement = {
				kind = upToNextMajorVersion;
				minimumVersion = 8.3.0;
			};
		};
		E659BE312D7DF335007232A2 /* XCRemoteSwiftPackageReference "Moya" */ = {
			isa = XCRemoteSwiftPackageReference;
			repositoryURL = "https://github.com/Moya/Moya.git";
			requirement = {
				kind = upToNextMajorVersion;
				minimumVersion = 15.0.3;
			};
		};
		E66A19A52D7DE5080003AE8D /* XCRemoteSwiftPackageReference "CombineCocoa" */ = {
			isa = XCRemoteSwiftPackageReference;
			repositoryURL = "https://github.com/CombineCommunity/CombineCocoa.git";
			requirement = {
				kind = upToNextMajorVersion;
				minimumVersion = 0.4.1;
			};
		};
/* End XCRemoteSwiftPackageReference section */

/* Begin XCSwiftPackageProductDependency section */
		E61070B22D7F2F66004ECE45 /* Kingfisher */ = {
			isa = XCSwiftPackageProductDependency;
			package = E61070B12D7F2F66004ECE45 /* XCRemoteSwiftPackageReference "Kingfisher" */;
			productName = Kingfisher;
		};
		E659BE322D7DF359007232A2 /* Moya */ = {
			isa = XCSwiftPackageProductDependency;
			package = E659BE312D7DF335007232A2 /* XCRemoteSwiftPackageReference "Moya" */;
			productName = Moya;
		};
		E66A19A62D7DE5080003AE8D /* CombineCocoa */ = {
			isa = XCSwiftPackageProductDependency;
			package = E66A19A52D7DE5080003AE8D /* XCRemoteSwiftPackageReference "CombineCocoa" */;
			productName = CombineCocoa;
		};
/* End XCSwiftPackageProductDependency section */

/* Begin XCVersionGroup section */
		E66A19962D7DDF500003AE8D /* AlbumExplorer.xcdatamodeld */ = {
			isa = XCVersionGroup;
			children = (
				E66A19972D7DDF500003AE8D /* AlbumExplorer.xcdatamodel */,
			);
			currentVersion = E66A19972D7DDF500003AE8D /* AlbumExplorer.xcdatamodel */;
			path = AlbumExplorer.xcdatamodeld;
			sourceTree = "<group>";
			versionGroupType = wrapper.xcdatamodel;
		};
/* End XCVersionGroup section */
	};
	rootObject = E66A19822D7DDF4F0003AE8D /* Project object */;
}
